
Microsoft Visual Studio Solution File, Format Version 12.00
# Visual Studio 2015
Project("{FAE04EC0-301F-11D3-BF4B-00C04F79EFBC}") = "CSHotFix_SimpleFramework.Plugins", "CSHotFix_SimpleFramework.Plugins.csproj", "{B8C74451-2528-AF9A-91AB-89DCC3403512}"
EndProject
Project("{FAE04EC0-301F-11D3-BF4B-00C04F79EFBC}") = "CSHotFix_SimpleFramework", "CSHotFix_SimpleFramework.csproj", "{413C62A1-3D81-C070-008B-E7C1E305A12C}"
EndProject
Project("{FAE04EC0-301F-11D3-BF4B-00C04F79EFBC}") = "CSHotFix_SimpleFramework.Editor", "CSHotFix_SimpleFramework.Editor.csproj", "{3A3894B6-DBBF-6DF8-A652-C89F73964A71}"
EndProject
Global
	GlobalSection(SolutionConfigurationPlatforms) = preSolution
		Debug|Any CPU = Debug|Any CPU
		Release|Any CPU = Release|Any CPU
	EndGlobalSection
	GlobalSection(ProjectConfigurationPlatforms) = postSolution
		{B8C74451-2528-AF9A-91AB-89DCC3403512}.Debug|Any CPU.ActiveCfg = Debug|Any CPU
		{B8C74451-2528-AF9A-91AB-89DCC3403512}.Debug|Any CPU.Build.0 = Debug|Any CPU
		{B8C74451-2528-AF9A-91AB-89DCC3403512}.Release|Any CPU.ActiveCfg = Release|Any CPU
		{B8C74451-2528-AF9A-91AB-89DCC3403512}.Release|Any CPU.Build.0 = Release|Any CPU
		{413C62A1-3D81-C070-008B-E7C1E305A12C}.Debug|Any CPU.ActiveCfg = Debug|Any CPU
		{413C62A1-3D81-C070-008B-E7C1E305A12C}.Debug|Any CPU.Build.0 = Debug|Any CPU
		{413C62A1-3D81-C070-008B-E7C1E305A12C}.Release|Any CPU.ActiveCfg = Release|Any CPU
		{413C62A1-3D81-C070-008B-E7C1E305A12C}.Release|Any CPU.Build.0 = Release|Any CPU
		{3A3894B6-DBBF-6DF8-A652-C89F73964A71}.Debug|Any CPU.ActiveCfg = Debug|Any CPU
		{3A3894B6-DBBF-6DF8-A652-C89F73964A71}.Debug|Any CPU.Build.0 = Debug|Any CPU
		{3A3894B6-DBBF-6DF8-A652-C89F73964A71}.Release|Any CPU.ActiveCfg = Release|Any CPU
		{3A3894B6-DBBF-6DF8-A652-C89F73964A71}.Release|Any CPU.Build.0 = Release|Any CPU
	EndGlobalSection
	GlobalSection(SolutionProperties) = preSolution
		HideSolutionNode = FALSE
	EndGlobalSection
EndGlobal
